// !$*UTF8*$!
{
	archiveVersion = 1;
	classes = {
	};
	objectVersion = 56;
	objects = {

/* Begin PBXBuildFile section */
		36071C0229DA9FD8002CA6A2 /* FireStore_testApp.swift in Sources */ = {isa = PBXBuildFile; fileRef = 36071C0129DA9FD8002CA6A2 /* FireStore_testApp.swift */; };
		36071C0429DA9FD8002CA6A2 /* ContentView.swift in Sources */ = {isa = PBXBuildFile; fileRef = 36071C0329DA9FD8002CA6A2 /* ContentView.swift */; };
		36071C0629DA9FDA002CA6A2 /* Assets.xcassets in Resources */ = {isa = PBXBuildFile; fileRef = 36071C0529DA9FDA002CA6A2 /* Assets.xcassets */; };
		36071C0929DA9FDA002CA6A2 /* Preview Assets.xcassets in Resources */ = {isa = PBXBuildFile; fileRef = 36071C0829DA9FDA002CA6A2 /* Preview Assets.xcassets */; };
		36071C0B29DA9FDA002CA6A2 /* Persistence.swift in Sources */ = {isa = PBXBuildFile; fileRef = 36071C0A29DA9FDA002CA6A2 /* Persistence.swift */; };
		36071C0E29DA9FDA002CA6A2 /* FireStore_test.xcdatamodeld in Sources */ = {isa = PBXBuildFile; fileRef = 36071C0C29DA9FDA002CA6A2 /* FireStore_test.xcdatamodeld */; };
		36071C1929DA9FDA002CA6A2 /* FireStore_testTests.swift in Sources */ = {isa = PBXBuildFile; fileRef = 36071C1829DA9FDA002CA6A2 /* FireStore_testTests.swift */; };
		36071C2329DA9FDA002CA6A2 /* FireStore_testUITests.swift in Sources */ = {isa = PBXBuildFile; fileRef = 36071C2229DA9FDA002CA6A2 /* FireStore_testUITests.swift */; };
		36071C2529DA9FDA002CA6A2 /* FireStore_testUITestsLaunchTests.swift in Sources */ = {isa = PBXBuildFile; fileRef = 36071C2429DA9FDA002CA6A2 /* FireStore_testUITestsLaunchTests.swift */; };
/* End PBXBuildFile section */

/* Begin PBXContainerItemProxy section */
		36071C1529DA9FDA002CA6A2 /* PBXContainerItemProxy */ = {
			isa = PBXContainerItemProxy;
			containerPortal = 36071BF629DA9FD8002CA6A2 /* Project object */;
			proxyType = 1;
			remoteGlobalIDString = 36071BFD29DA9FD8002CA6A2;
			remoteInfo = FireStore_test;
		};
		36071C1F29DA9FDA002CA6A2 /* PBXContainerItemProxy */ = {
			isa = PBXContainerItemProxy;
			containerPortal = 36071BF629DA9FD8002CA6A2 /* Project object */;
			proxyType = 1;
			remoteGlobalIDString = 36071BFD29DA9FD8002CA6A2;
			remoteInfo = FireStore_test;
		};
/* End PBXContainerItemProxy section */

/* Begin PBXFileReference section */
		36071BFE29DA9FD8002CA6A2 /* FireStore_test.app */ = {isa = PBXFileReference; explicitFileType = wrapper.application; includeInIndex = 0; path = FireStore_test.app; sourceTree = BUILT_PRODUCTS_DIR; };
		36071C0129DA9FD8002CA6A2 /* FireStore_testApp.swift */ = {isa = PBXFileReference; lastKnownFileType = sourcecode.swift; path = FireStore_testApp.swift; sourceTree = "<group>"; };
		36071C0329DA9FD8002CA6A2 /* ContentView.swift */ = {isa = PBXFileReference; lastKnownFileType = sourcecode.swift; path = ContentView.swift; sourceTree = "<group>"; };
		36071C0529DA9FDA002CA6A2 /* Assets.xcassets */ = {isa = PBXFileReference; lastKnownFileType = folder.assetcatalog; path = Assets.xcassets; sourceTree = "<group>"; };
		36071C0829DA9FDA002CA6A2 /* Preview Assets.xcassets */ = {isa = PBXFileReference; lastKnownFileType = folder.assetcatalog; path = "Preview Assets.xcassets"; sourceTree = "<group>"; };
		36071C0A29DA9FDA002CA6A2 /* Persistence.swift */ = {isa = PBXFileReference; lastKnownFileType = sourcecode.swift; path = Persistence.swift; sourceTree = "<group>"; };
		36071C0D29DA9FDA002CA6A2 /* FireStore_test.xcdatamodel */ = {isa = PBXFileReference; lastKnownFileType = wrapper.xcdatamodel; path = FireStore_test.xcdatamodel; sourceTree = "<group>"; };
		36071C0F29DA9FDA002CA6A2 /* Info.plist */ = {isa = PBXFileReference; lastKnownFileType = text.plist.xml; path = Info.plist; sourceTree = "<group>"; };
		36071C1429DA9FDA002CA6A2 /* FireStore_testTests.xctest */ = {isa = PBXFileReference; explicitFileType = wrapper.cfbundle; includeInIndex = 0; path = FireStore_testTests.xctest; sourceTree = BUILT_PRODUCTS_DIR; };
		36071C1829DA9FDA002CA6A2 /* FireStore_testTests.swift */ = {isa = PBXFileReference; lastKnownFileType = sourcecode.swift; path = FireStore_testTests.swift; sourceTree = "<group>"; };
		36071C1E29DA9FDA002CA6A2 /* FireStore_testUITests.xctest */ = {isa = PBXFileReference; explicitFileType = wrapper.cfbundle; includeInIndex = 0; path = FireStore_testUITests.xctest; sourceTree = BUILT_PRODUCTS_DIR; };
		36071C2229DA9FDA002CA6A2 /* FireStore_testUITests.swift */ = {isa = PBXFileReference; lastKnownFileType = sourcecode.swift; path = FireStore_testUITests.swift; sourceTree = "<group>"; };
		36071C2429DA9FDA002CA6A2 /* FireStore_testUITestsLaunchTests.swift */ = {isa = PBXFileReference; lastKnownFileType = sourcecode.swift; path = FireStore_testUITestsLaunchTests.swift; sourceTree = "<group>"; };
/* End PBXFileReference section */

/* Begin PBXFrameworksBuildPhase section */
		36071BFB29DA9FD8002CA6A2 /* Frameworks */ = {
			isa = PBXFrameworksBuildPhase;
			buildActionMask = 2147483647;
			files = (
			);
			runOnlyForDeploymentPostprocessing = 0;
		};
		36071C1129DA9FDA002CA6A2 /* Frameworks */ = {
			isa = PBXFrameworksBuildPhase;
			buildActionMask = 2147483647;
			files = (
			);
			runOnlyForDeploymentPostprocessing = 0;
		};
		36071C1B29DA9FDA002CA6A2 /* Frameworks */ = {
			isa = PBXFrameworksBuildPhase;
			buildActionMask = 2147483647;
			files = (
			);
			runOnlyForDeploymentPostprocessing = 0;
		};
/* End PBXFrameworksBuildPhase section */

/* Begin PBXGroup section */
		36071BF529DA9FD8002CA6A2 = {
			isa = PBXGroup;
			children = (
				36071C0029DA9FD8002CA6A2 /* FireStore_test */,
				36071C1729DA9FDA002CA6A2 /* FireStore_testTests */,
				36071C2129DA9FDA002CA6A2 /* FireStore_testUITests */,
				36071BFF29DA9FD8002CA6A2 /* Products */,
			);
			sourceTree = "<group>";
		};
		36071BFF29DA9FD8002CA6A2 /* Products */ = {
			isa = PBXGroup;
			children = (
				36071BFE29DA9FD8002CA6A2 /* FireStore_test.app */,
				36071C1429DA9FDA002CA6A2 /* FireStore_testTests.xctest */,
				36071C1E29DA9FDA002CA6A2 /* FireStore_testUITests.xctest */,
			);
			name = Products;
			sourceTree = "<group>";
		};
		36071C0029DA9FD8002CA6A2 /* FireStore_test */ = {
			isa = PBXGroup;
			children = (
				36071C0129DA9FD8002CA6A2 /* FireStore_testApp.swift */,
				36071C0329DA9FD8002CA6A2 /* ContentView.swift */,
				36071C0529DA9FDA002CA6A2 /* Assets.xcassets */,
				36071C0A29DA9FDA002CA6A2 /* Persistence.swift */,
				36071C0F29DA9FDA002CA6A2 /* Info.plist */,
				36071C0C29DA9FDA002CA6A2 /* FireStore_test.xcdatamodeld */,
				36071C0729DA9FDA002CA6A2 /* Preview Content */,
			);
			path = FireStore_test;
			sourceTree = "<group>";
		};
		36071C0729DA9FDA002CA6A2 /* Preview Content */ = {
			isa = PBXGroup;
			children = (
				36071C0829DA9FDA002CA6A2 /* Preview Assets.xcassets */,
			);
			path = "Preview Content";
			sourceTree = "<group>";
		};
		36071C1729DA9FDA002CA6A2 /* FireStore_testTests */ = {
			isa = PBXGroup;
			children = (
				36071C1829DA9FDA002CA6A2 /* FireStore_testTests.swift */,
			);
			path = FireStore_testTests;
			sourceTree = "<group>";
		};
		36071C2129DA9FDA002CA6A2 /* FireStore_testUITests */ = {
			isa = PBXGroup;
			children = (
				36071C2229DA9FDA002CA6A2 /* FireStore_testUITests.swift */,
				36071C2429DA9FDA002CA6A2 /* FireStore_testUITestsLaunchTests.swift */,
			);
			path = FireStore_testUITests;
			sourceTree = "<group>";
		};
/* End PBXGroup section */

/* Begin PBXNativeTarget section */
		36071BFD29DA9FD8002CA6A2 /* FireStore_test */ = {
			isa = PBXNativeTarget;
			buildConfigurationList = 36071C2829DA9FDA002CA6A2 /* Build configuration list for PBXNativeTarget "FireStore_test" */;
			buildPhases = (
				36071BFA29DA9FD8002CA6A2 /* Sources */,
				36071BFB29DA9FD8002CA6A2 /* Frameworks */,
				36071BFC29DA9FD8002CA6A2 /* Resources */,
			);
			buildRules = (
			);
			dependencies = (
			);
			name = FireStore_test;
			productName = FireStore_test;
			productReference = 36071BFE29DA9FD8002CA6A2 /* FireStore_test.app */;
			productType = "com.apple.product-type.application";
		};
		36071C1329DA9FDA002CA6A2 /* FireStore_testTests */ = {
			isa = PBXNativeTarget;
			buildConfigurationList = 36071C2B29DA9FDA002CA6A2 /* Build configuration list for PBXNativeTarget "FireStore_testTests" */;
			buildPhases = (
				36071C1029DA9FDA002CA6A2 /* Sources */,
				36071C1129DA9FDA002CA6A2 /* Frameworks */,
				36071C1229DA9FDA002CA6A2 /* Resources */,
			);
			buildRules = (
			);
			dependencies = (
				36071C1629DA9FDA002CA6A2 /* PBXTargetDependency */,
			);
			name = FireStore_testTests;
			productName = FireStore_testTests;
			productReference = 36071C1429DA9FDA002CA6A2 /* FireStore_testTests.xctest */;
			productType = "com.apple.product-type.bundle.unit-test";
		};
		36071C1D29DA9FDA002CA6A2 /* FireStore_testUITests */ = {
			isa = PBXNativeTarget;
			buildConfigurationList = 36071C2E29DA9FDA002CA6A2 /* Build configuration list for PBXNativeTarget "FireStore_testUITests" */;
			buildPhases = (
				36071C1A29DA9FDA002CA6A2 /* Sources */,
				36071C1B29DA9FDA002CA6A2 /* Frameworks */,
				36071C1C29DA9FDA002CA6A2 /* Resources */,
			);
			buildRules = (
			);
			dependencies = (
				36071C2029DA9FDA002CA6A2 /* PBXTargetDependency */,
			);
			name = FireStore_testUITests;
			productName = FireStore_testUITests;
			productReference = 36071C1E29DA9FDA002CA6A2 /* FireStore_testUITests.xctest */;
			productType = "com.apple.product-type.bundle.ui-testing";
		};
/* End PBXNativeTarget section */

/* Begin PBXProject section */
		36071BF629DA9FD8002CA6A2 /* Project object */ = {
			isa = PBXProject;
			attributes = {
				BuildIndependentTargetsInParallel = 1;
				LastSwiftUpdateCheck = 1420;
				LastUpgradeCheck = 1420;
				TargetAttributes = {
					36071BFD29DA9FD8002CA6A2 = {
						CreatedOnToolsVersion = 14.2;
					};
					36071C1329DA9FDA002CA6A2 = {
						CreatedOnToolsVersion = 14.2;
						TestTargetID = 36071BFD29DA9FD8002CA6A2;
					};
					36071C1D29DA9FDA002CA6A2 = {
						CreatedOnToolsVersion = 14.2;
						TestTargetID = 36071BFD29DA9FD8002CA6A2;
					};
				};
			};
			buildConfigurationList = 36071BF929DA9FD8002CA6A2 /* Build configuration list for PBXProject "FireStore_test" */;
			compatibilityVersion = "Xcode 14.0";
			developmentRegion = en;
			hasScannedForEncodings = 0;
			knownRegions = (
				en,
				Base,
			);
			mainGroup = 36071BF529DA9FD8002CA6A2;
			productRefGroup = 36071BFF29DA9FD8002CA6A2 /* Products */;
			projectDirPath = "";
			projectRoot = "";
			targets = (
				36071BFD29DA9FD8002CA6A2 /* FireStore_test */,
				36071C1329DA9FDA002CA6A2 /* FireStore_testTests */,
				36071C1D29DA9FDA002CA6A2 /* FireStore_testUITests */,
			);
		};
/* End PBXProject section */

/* Begin PBXResourcesBuildPhase section */
		36071BFC29DA9FD8002CA6A2 /* Resources */ = {
			isa = PBXResourcesBuildPhase;
			buildActionMask = 2147483647;
			files = (
				36071C0929DA9FDA002CA6A2 /* Preview Assets.xcassets in Resources */,
				36071C0629DA9FDA002CA6A2 /* Assets.xcassets in Resources */,
			);
			runOnlyForDeploymentPostprocessing = 0;
		};
		36071C1229DA9FDA002CA6A2 /* Resources */ = {
			isa = PBXResourcesBuildPhase;
			buildActionMask = 2147483647;
			files = (
			);
			runOnlyForDeploymentPostprocessing = 0;
		};
		36071C1C29DA9FDA002CA6A2 /* Resources */ = {
			isa = PBXResourcesBuildPhase;
			buildActionMask = 2147483647;
			files = (
			);
			runOnlyForDeploymentPostprocessing = 0;
		};
/* End PBXResourcesBuildPhase section */

/* Begin PBXSourcesBuildPhase section */
		36071BFA29DA9FD8002CA6A2 /* Sources */ = {
			isa = PBXSourcesBuildPhase;
			buildActionMask = 2147483647;
			files = (
				36071C0B29DA9FDA002CA6A2 /* Persistence.swift in Sources */,
				36071C0E29DA9FDA002CA6A2 /* FireStore_test.xcdatamodeld in Sources */,
				36071C0429DA9FD8002CA6A2 /* ContentView.swift in Sources */,
				36071C0229DA9FD8002CA6A2 /* FireStore_testApp.swift in Sources */,
			);
			runOnlyForDeploymentPostprocessing = 0;
		};
		36071C1029DA9FDA002CA6A2 /* Sources */ = {
			isa = PBXSourcesBuildPhase;
			buildActionMask = 2147483647;
			files = (
				36071C1929DA9FDA002CA6A2 /* FireStore_testTests.swift in Sources */,
			);
			runOnlyForDeploymentPostprocessing = 0;
		};
		36071C1A29DA9FDA002CA6A2 /* Sources */ = {
			isa = PBXSourcesBuildPhase;
			buildActionMask = 2147483647;
			files = (
				36071C2529DA9FDA002CA6A2 /* FireStore_testUITestsLaunchTests.swift in Sources */,
				36071C2329DA9FDA002CA6A2 /* FireStore_testUITests.swift in Sources */,
			);
			runOnlyForDeploymentPostprocessing = 0;
		};
/* End PBXSourcesBuildPhase section */

/* Begin PBXTargetDependency section */
		36071C1629DA9FDA002CA6A2 /* PBXTargetDependency */ = {
			isa = PBXTargetDependency;
			target = 36071BFD29DA9FD8002CA6A2 /* FireStore_test */;
			targetProxy = 36071C1529DA9FDA002CA6A2 /* PBXContainerItemProxy */;
		};
		36071C2029DA9FDA002CA6A2 /* PBXTargetDependency */ = {
			isa = PBXTargetDependency;
			target = 36071BFD29DA9FD8002CA6A2 /* FireStore_test */;
			targetProxy = 36071C1F29DA9FDA002CA6A2 /* PBXContainerItemProxy */;
		};
/* End PBXTargetDependency section */

/* Begin XCBuildConfiguration section */
		36071C2629DA9FDA002CA6A2 /* Debug */ = {
			isa = XCBuildConfiguration;
			buildSettings = {
				ALWAYS_SEARCH_USER_PATHS = NO;
				CLANG_ANALYZER_NONNULL = YES;
				CLANG_ANALYZER_NUMBER_OBJECT_CONVERSION = YES_AGGRESSIVE;
				CLANG_CXX_LANGUAGE_STANDARD = "gnu++20";
				CLANG_ENABLE_MODULES = YES;
				CLANG_ENABLE_OBJC_ARC = YES;
				CLANG_ENABLE_OBJC_WEAK = YES;
				CLANG_WARN_BLOCK_CAPTURE_AUTORELEASING = YES;
				CLANG_WARN_BOOL_CONVERSION = YES;
				CLANG_WARN_COMMA = YES;
				CLANG_WARN_CONSTANT_CONVERSION = YES;
				CLANG_WARN_DEPRECATED_OBJC_IMPLEMENTATIONS = YES;
				CLANG_WARN_DIRECT_OBJC_ISA_USAGE = YES_ERROR;
				CLANG_WARN_DOCUMENTATION_COMMENTS = YES;
				CLANG_WARN_EMPTY_BODY = YES;
				CLANG_WARN_ENUM_CONVERSION = YES;
				CLANG_WARN_INFINITE_RECURSION = YES;
				CLANG_WARN_INT_CONVERSION = YES;
				CLANG_WARN_NON_LITERAL_NULL_CONVERSION = YES;
				CLANG_WARN_OBJC_IMPLICIT_RETAIN_SELF = YES;
				CLANG_WARN_OBJC_LITERAL_CONVERSION = YES;
				CLANG_WARN_OBJC_ROOT_CLASS = YES_ERROR;
				CLANG_WARN_QUOTED_INCLUDE_IN_FRAMEWORK_HEADER = YES;
				CLANG_WARN_RANGE_LOOP_ANALYSIS = YES;
				CLANG_WARN_STRICT_PROTOTYPES = YES;
				CLANG_WARN_SUSPICIOUS_MOVE = YES;
				CLANG_WARN_UNGUARDED_AVAILABILITY = YES_AGGRESSIVE;
				CLANG_WARN_UNREACHABLE_CODE = YES;
				CLANG_WARN__DUPLICATE_METHOD_MATCH = YES;
				COPY_PHASE_STRIP = NO;
				DEBUG_INFORMATION_FORMAT = dwarf;
				ENABLE_STRICT_OBJC_MSGSEND = YES;
				ENABLE_TESTABILITY = YES;
				GCC_C_LANGUAGE_STANDARD = gnu11;
				GCC_DYNAMIC_NO_PIC = NO;
				GCC_NO_COMMON_BLOCKS = YES;
				GCC_OPTIMIZATION_LEVEL = 0;
				GCC_PREPROCESSOR_DEFINITIONS = (
					"DEBUG=1",
					"$(inherited)",
				);
				GCC_WARN_64_TO_32_BIT_CONVERSION = YES;
				GCC_WARN_ABOUT_RETURN_TYPE = YES_ERROR;
				GCC_WARN_UNDECLARED_SELECTOR = YES;
				GCC_WARN_UNINITIALIZED_AUTOS = YES_AGGRESSIVE;
				GCC_WARN_UNUSED_FUNCTION = YES;
				GCC_WARN_UNUSED_VARIABLE = YES;
				IPHONEOS_DEPLOYMENT_TARGET = 16.2;
				MTL_ENABLE_DEBUG_INFO = INCLUDE_SOURCE;
				MTL_FAST_MATH = YES;
				ONLY_ACTIVE_ARCH = YES;
				SDKROOT = iphoneos;
				SWIFT_ACTIVE_COMPILATION_CONDITIONS = DEBUG;
				SWIFT_OPTIMIZATION_LEVEL = "-Onone";
			};
			name = Debug;
		};
		36071C2729DA9FDA002CA6A2 /* Release */ = {
			isa = XCBuildConfiguration;
			buildSettings = {
				ALWAYS_SEARCH_USER_PATHS = NO;
				CLANG_ANALYZER_NONNULL = YES;
				CLANG_ANALYZER_NUMBER_OBJECT_CONVERSION = YES_AGGRESSIVE;
				CLANG_CXX_LANGUAGE_STANDARD = "gnu++20";
				CLANG_ENABLE_MODULES = YES;
				CLANG_ENABLE_OBJC_ARC = YES;
				CLANG_ENABLE_OBJC_WEAK = YES;
				CLANG_WARN_BLOCK_CAPTURE_AUTORELEASING = YES;
				CLANG_WARN_BOOL_CONVERSION = YES;
				CLANG_WARN_COMMA = YES;
				CLANG_WARN_CONSTANT_CONVERSION = YES;
				CLANG_WARN_DEPRECATED_OBJC_IMPLEMENTATIONS = YES;
				CLANG_WARN_DIRECT_OBJC_ISA_USAGE = YES_ERROR;
				CLANG_WARN_DOCUMENTATION_COMMENTS = YES;
				CLANG_WARN_EMPTY_BODY = YES;
				CLANG_WARN_ENUM_CONVERSION = YES;
				CLANG_WARN_INFINITE_RECURSION = YES;
				CLANG_WARN_INT_CONVERSION = YES;
				CLANG_WARN_NON_LITERAL_NULL_CONVERSION = YES;
				CLANG_WARN_OBJC_IMPLICIT_RETAIN_SELF = YES;
				CLANG_WARN_OBJC_LITERAL_CONVERSION = YES;
				CLANG_WARN_OBJC_ROOT_CLASS = YES_ERROR;
				CLANG_WARN_QUOTED_INCLUDE_IN_FRAMEWORK_HEADER = YES;
				CLANG_WARN_RANGE_LOOP_ANALYSIS = YES;
				CLANG_WARN_STRICT_PROTOTYPES = YES;
				CLANG_WARN_SUSPICIOUS_MOVE = YES;
				CLANG_WARN_UNGUARDED_AVAILABILITY = YES_AGGRESSIVE;
				CLANG_WARN_UNREACHABLE_CODE = YES;
				CLANG_WARN__DUPLICATE_METHOD_MATCH = YES;
				COPY_PHASE_STRIP = NO;
				DEBUG_INFORMATION_FORMAT = "dwarf-with-dsym";
				ENABLE_NS_ASSERTIONS = NO;
				ENABLE_STRICT_OBJC_MSGSEND = YES;
				GCC_C_LANGUAGE_STANDARD = gnu11;
				GCC_NO_COMMON_BLOCKS = YES;
				GCC_WARN_64_TO_32_BIT_CONVERSION = YES;
				GCC_WARN_ABOUT_RETURN_TYPE = YES_ERROR;
				GCC_WARN_UNDECLARED_SELECTOR = YES;
				GCC_WARN_UNINITIALIZED_AUTOS = YES_AGGRESSIVE;
				GCC_WARN_UNUSED_FUNCTION = YES;
				GCC_WARN_UNUSED_VARIABLE = YES;
				IPHONEOS_DEPLOYMENT_TARGET = 16.2;
				MTL_ENABLE_DEBUG_INFO = NO;
				MTL_FAST_MATH = YES;
				SDKROOT = iphoneos;
				SWIFT_COMPILATION_MODE = wholemodule;
				SWIFT_OPTIMIZATION_LEVEL = "-O";
				VALIDATE_PRODUCT = YES;
			};
			name = Release;
		};
		36071C2929DA9FDA002CA6A2 /* Debug */ = {
			isa = XCBuildConfiguration;
			buildSettings = {
				ASSETCATALOG_COMPILER_APPICON_NAME = AppIcon;
				ASSETCATALOG_COMPILER_GLOBAL_ACCENT_COLOR_NAME = AccentColor;
				CODE_SIGN_STYLE = Automatic;
				CURRENT_PROJECT_VERSION = 1;
				DEVELOPMENT_ASSET_PATHS = "\"FireStore_test/Preview Content\"";
				DEVELOPMENT_TEAM = ZL4P972RX9;
				ENABLE_PREVIEWS = YES;
				GENERATE_INFOPLIST_FILE = YES;
				INFOPLIST_KEY_UIApplicationSceneManifest_Generation = YES;
				INFOPLIST_KEY_UIApplicationSupportsIndirectInputEvents = YES;
				INFOPLIST_KEY_UILaunchScreen_Generation = YES;
				INFOPLIST_KEY_UISupportedInterfaceOrientations_iPad = "UIInterfaceOrientationPortrait UIInterfaceOrientationPortraitUpsideDown UIInterfaceOrientationLandscapeLeft UIInterfaceOrientationLandscapeRight";
				INFOPLIST_KEY_UISupportedInterfaceOrientations_iPhone = "UIInterfaceOrientationPortrait UIInterfaceOrientationLandscapeLeft UIInterfaceOrientationLandscapeRight";
				LD_RUNPATH_SEARCH_PATHS = (
					"$(inherited)",
					"@executable_path/Frameworks",
				);
				MARKETING_VERSION = 1.0;
				PRODUCT_BUNDLE_IDENTIFIER = "SeniorProject.FireStore-test";
				PRODUCT_NAME = "$(TARGET_NAME)";
				SWIFT_EMIT_LOC_STRINGS = YES;
				SWIFT_VERSION = 5.0;
				TARGETED_DEVICE_FAMILY = "1,2";
			};
			name = Debug;
		};
		36071C2A29DA9FDA002CA6A2 /* Release */ = {
			isa = XCBuildConfiguration;
			buildSettings = {
				ASSETCATALOG_COMPILER_APPICON_NAME = AppIcon;
				ASSETCATALOG_COMPILER_GLOBAL_ACCENT_COLOR_NAME = AccentColor;
				CODE_SIGN_STYLE = Automatic;
				CURRENT_PROJECT_VERSION = 1;
				DEVELOPMENT_ASSET_PATHS = "\"FireStore_test/Preview Content\"";
				DEVELOPMENT_TEAM = ZL4P972RX9;
				ENABLE_PREVIEWS = YES;
				GENERATE_INFOPLIST_FILE = YES;
				INFOPLIST_KEY_UIApplicationSceneManifest_Generation = YES;
				INFOPLIST_KEY_UIApplicationSupportsIndirectInputEvents = YES;
				INFOPLIST_KEY_UILaunchScreen_Generation = YES;
				INFOPLIST_KEY_UISupportedInterfaceOrientations_iPad = "UIInterfaceOrientationPortrait UIInterfaceOrientationPortraitUpsideDown UIInterfaceOrientationLandscapeLeft UIInterfaceOrientationLandscapeRight";
				INFOPLIST_KEY_UISupportedInterfaceOrientations_iPhone = "UIInterfaceOrientationPortrait UIInterfaceOrientationLandscapeLeft UIInterfaceOrientationLandscapeRight";
				LD_RUNPATH_SEARCH_PATHS = (
					"$(inherited)",
					"@executable_path/Frameworks",
				);
				MARKETING_VERSION = 1.0;
				PRODUCT_BUNDLE_IDENTIFIER = "SeniorProject.FireStore-test";
				PRODUCT_NAME = "$(TARGET_NAME)";
				SWIFT_EMIT_LOC_STRINGS = YES;
				SWIFT_VERSION = 5.0;
				TARGETED_DEVICE_FAMILY = "1,2";
			};
			name = Release;
		};
		36071C2C29DA9FDA002CA6A2 /* Debug */ = {
			isa = XCBuildConfiguration;
			buildSettings = {
				ALWAYS_EMBED_SWIFT_STANDARD_LIBRARIES = YES;
				BUNDLE_LOADER = "$(TEST_HOST)";
				CODE_SIGN_STYLE = Automatic;
				CURRENT_PROJECT_VERSION = 1;
				DEVELOPMENT_TEAM = ZL4P972RX9;
				GENERATE_INFOPLIST_FILE = YES;
				IPHONEOS_DEPLOYMENT_TARGET = 16.2;
				MARKETING_VERSION = 1.0;
				PRODUCT_BUNDLE_IDENTIFIER = "SeniorProject.FireStore-testTests";
				PRODUCT_NAME = "$(TARGET_NAME)";
				SWIFT_EMIT_LOC_STRINGS = NO;
				SWIFT_VERSION = 5.0;
				TARGETED_DEVICE_FAMILY = "1,2";
				TEST_HOST = "$(BUILT_PRODUCTS_DIR)/FireStore_test.app/$(BUNDLE_EXECUTABLE_FOLDER_PATH)/FireStore_test";
			};
			name = Debug;
		};
		36071C2D29DA9FDA002CA6A2 /* Release */ = {
			isa = XCBuildConfiguration;
			buildSettings = {
				ALWAYS_EMBED_SWIFT_STANDARD_LIBRARIES = YES;
				BUNDLE_LOADER = "$(TEST_HOST)";
				CODE_SIGN_STYLE = Automatic;
				CURRENT_PROJECT_VERSION = 1;
				DEVELOPMENT_TEAM = ZL4P972RX9;
				GENERATE_INFOPLIST_FILE = YES;
				IPHONEOS_DEPLOYMENT_TARGET = 16.2;
				MARKETING_VERSION = 1.0;
				PRODUCT_BUNDLE_IDENTIFIER = "SeniorProject.FireStore-testTests";
				PRODUCT_NAME = "$(TARGET_NAME)";
				SWIFT_EMIT_LOC_STRINGS = NO;
				SWIFT_VERSION = 5.0;
				TARGETED_DEVICE_FAMILY = "1,2";
				TEST_HOST = "$(BUILT_PRODUCTS_DIR)/FireStore_test.app/$(BUNDLE_EXECUTABLE_FOLDER_PATH)/FireStore_test";
			};
			name = Release;
		};
		36071C2F29DA9FDA002CA6A2 /* Debug */ = {
			isa = XCBuildConfiguration;
			buildSettings = {
				ALWAYS_EMBED_SWIFT_STANDARD_LIBRARIES = YES;
				CODE_SIGN_STYLE = Automatic;
				CURRENT_PROJECT_VERSION = 1;
				DEVELOPMENT_TEAM = ZL4P972RX9;
				GENERATE_INFOPLIST_FILE = YES;
				MARKETING_VERSION = 1.0;
				PRODUCT_BUNDLE_IDENTIFIER = "SeniorProject.FireStore-testUITests";
				PRODUCT_NAME = "$(TARGET_NAME)";
				SWIFT_EMIT_LOC_STRINGS = NO;
				SWIFT_VERSION = 5.0;
				TARGETED_DEVICE_FAMILY = "1,2";
				TEST_TARGET_NAME = FireStore_test;
			};
			name = Debug;
		};
		36071C3029DA9FDA002CA6A2 /* Release */ = {
			isa = XCBuildConfiguration;
			buildSettings = {
				ALWAYS_EMBED_SWIFT_STANDARD_LIBRARIES = YES;
				CODE_SIGN_STYLE = Automatic;
				CURRENT_PROJECT_VERSION = 1;
				DEVELOPMENT_TEAM = ZL4P972RX9;
				GENERATE_INFOPLIST_FILE = YES;
				MARKETING_VERSION = 1.0;
				PRODUCT_BUNDLE_IDENTIFIER = "SeniorProject.FireStore-testUITests";
				PRODUCT_NAME = "$(TARGET_NAME)";
				SWIFT_EMIT_LOC_STRINGS = NO;
				SWIFT_VERSION = 5.0;
				TARGETED_DEVICE_FAMILY = "1,2";
				TEST_TARGET_NAME = FireStore_test;
			};
			name = Release;
		};
/* End XCBuildConfiguration section */

/* Begin XCConfigurationList section */
		36071BF929DA9FD8002CA6A2 /* Build configuration list for PBXProject "FireStore_test" */ = {
			isa = XCConfigurationList;
			buildConfigurations = (
				36071C2629DA9FDA002CA6A2 /* Debug */,
				36071C2729DA9FDA002CA6A2 /* Release */,
			);
			defaultConfigurationIsVisible = 0;
			defaultConfigurationName = Release;
		};
		36071C2829DA9FDA002CA6A2 /* Build configuration list for PBXNativeTarget "FireStore_test" */ = {
			isa = XCConfigurationList;
			buildConfigurations = (
				36071C2929DA9FDA002CA6A2 /* Debug */,
				36071C2A29DA9FDA002CA6A2 /* Release */,
			);
			defaultConfigurationIsVisible = 0;
			defaultConfigurationName = Release;
		};
		36071C2B29DA9FDA002CA6A2 /* Build configuration list for PBXNativeTarget "FireStore_testTests" */ = {
			isa = XCConfigurationList;
			buildConfigurations = (
				36071C2C29DA9FDA002CA6A2 /* Debug */,
				36071C2D29DA9FDA002CA6A2 /* Release */,
			);
			defaultConfigurationIsVisible = 0;
			defaultConfigurationName = Release;
		};
		36071C2E29DA9FDA002CA6A2 /* Build configuration list for PBXNativeTarget "FireStore_testUITests" */ = {
			isa = XCConfigurationList;
			buildConfigurations = (
				36071C2F29DA9FDA002CA6A2 /* Debug */,
				36071C3029DA9FDA002CA6A2 /* Release */,
			);
			defaultConfigurationIsVisible = 0;
			defaultConfigurationName = Release;
		};
/* End XCConfigurationList section */

/* Begin XCVersionGroup section */
		36071C0C29DA9FDA002CA6A2 /* FireStore_test.xcdatamodeld */ = {
			isa = XCVersionGroup;
			children = (
				36071C0D29DA9FDA002CA6A2 /* FireStore_test.xcdatamodel */,
			);
			currentVersion = 36071C0D29DA9FDA002CA6A2 /* FireStore_test.xcdatamodel */;
			path = FireStore_test.xcdatamodeld;
			sourceTree = "<group>";
			versionGroupType = wrapper.xcdatamodel;
		};
/* End XCVersionGroup section */
	};
	rootObject = 36071BF629DA9FD8002CA6A2 /* Project object */;
}
