// !$*UTF8*$!
{
	archiveVersion = 1;
	classes = {
	};
	objectVersion = 56;
	objects = {

/* Begin PBXBuildFile section */
		36E117402953A2850095514F /* Music_App_SPApp.swift in Sources */ = {isa = PBXBuildFile; fileRef = 36E1173F2953A2850095514F /* Music_App_SPApp.swift */; };
		36E117422953A2850095514F /* ContentView.swift in Sources */ = {isa = PBXBuildFile; fileRef = 36E117412953A2850095514F /* ContentView.swift */; };
		36E117442953A2860095514F /* Assets.xcassets in Resources */ = {isa = PBXBuildFile; fileRef = 36E117432953A2860095514F /* Assets.xcassets */; };
		36E117472953A2860095514F /* Preview Assets.xcassets in Resources */ = {isa = PBXBuildFile; fileRef = 36E117462953A2860095514F /* Preview Assets.xcassets */; };
		36E117512953A2870095514F /* Music_App_SPTests.swift in Sources */ = {isa = PBXBuildFile; fileRef = 36E117502953A2870095514F /* Music_App_SPTests.swift */; };
		36E1175B2953A2870095514F /* Music_App_SPUITests.swift in Sources */ = {isa = PBXBuildFile; fileRef = 36E1175A2953A2870095514F /* Music_App_SPUITests.swift */; };
		36E1175D2953A2870095514F /* Music_App_SPUITestsLaunchTests.swift in Sources */ = {isa = PBXBuildFile; fileRef = 36E1175C2953A2870095514F /* Music_App_SPUITestsLaunchTests.swift */; };
/* End PBXBuildFile section */

/* Begin PBXContainerItemProxy section */
		36E1174D2953A2870095514F /* PBXContainerItemProxy */ = {
			isa = PBXContainerItemProxy;
			containerPortal = 36E117342953A2850095514F /* Project object */;
			proxyType = 1;
			remoteGlobalIDString = 36E1173B2953A2850095514F;
			remoteInfo = Music_App_SP;
		};
		36E117572953A2870095514F /* PBXContainerItemProxy */ = {
			isa = PBXContainerItemProxy;
			containerPortal = 36E117342953A2850095514F /* Project object */;
			proxyType = 1;
			remoteGlobalIDString = 36E1173B2953A2850095514F;
			remoteInfo = Music_App_SP;
		};
/* End PBXContainerItemProxy section */

/* Begin PBXFileReference section */
		36E1173C2953A2850095514F /* Music_App_SP.app */ = {isa = PBXFileReference; explicitFileType = wrapper.application; includeInIndex = 0; path = Music_App_SP.app; sourceTree = BUILT_PRODUCTS_DIR; };
		36E1173F2953A2850095514F /* Music_App_SPApp.swift */ = {isa = PBXFileReference; lastKnownFileType = sourcecode.swift; path = Music_App_SPApp.swift; sourceTree = "<group>"; };
		36E117412953A2850095514F /* ContentView.swift */ = {isa = PBXFileReference; lastKnownFileType = sourcecode.swift; path = ContentView.swift; sourceTree = "<group>"; };
		36E117432953A2860095514F /* Assets.xcassets */ = {isa = PBXFileReference; lastKnownFileType = folder.assetcatalog; path = Assets.xcassets; sourceTree = "<group>"; };
		36E117462953A2860095514F /* Preview Assets.xcassets */ = {isa = PBXFileReference; lastKnownFileType = folder.assetcatalog; path = "Preview Assets.xcassets"; sourceTree = "<group>"; };
		36E1174C2953A2870095514F /* Music_App_SPTests.xctest */ = {isa = PBXFileReference; explicitFileType = wrapper.cfbundle; includeInIndex = 0; path = Music_App_SPTests.xctest; sourceTree = BUILT_PRODUCTS_DIR; };
		36E117502953A2870095514F /* Music_App_SPTests.swift */ = {isa = PBXFileReference; lastKnownFileType = sourcecode.swift; path = Music_App_SPTests.swift; sourceTree = "<group>"; };
		36E117562953A2870095514F /* Music_App_SPUITests.xctest */ = {isa = PBXFileReference; explicitFileType = wrapper.cfbundle; includeInIndex = 0; path = Music_App_SPUITests.xctest; sourceTree = BUILT_PRODUCTS_DIR; };
		36E1175A2953A2870095514F /* Music_App_SPUITests.swift */ = {isa = PBXFileReference; lastKnownFileType = sourcecode.swift; path = Music_App_SPUITests.swift; sourceTree = "<group>"; };
		36E1175C2953A2870095514F /* Music_App_SPUITestsLaunchTests.swift */ = {isa = PBXFileReference; lastKnownFileType = sourcecode.swift; path = Music_App_SPUITestsLaunchTests.swift; sourceTree = "<group>"; };
/* End PBXFileReference section */

/* Begin PBXFrameworksBuildPhase section */
		36E117392953A2850095514F /* Frameworks */ = {
			isa = PBXFrameworksBuildPhase;
			buildActionMask = 2147483647;
			files = (
			);
			runOnlyForDeploymentPostprocessing = 0;
		};
		36E117492953A2870095514F /* Frameworks */ = {
			isa = PBXFrameworksBuildPhase;
			buildActionMask = 2147483647;
			files = (
			);
			runOnlyForDeploymentPostprocessing = 0;
		};
		36E117532953A2870095514F /* Frameworks */ = {
			isa = PBXFrameworksBuildPhase;
			buildActionMask = 2147483647;
			files = (
			);
			runOnlyForDeploymentPostprocessing = 0;
		};
/* End PBXFrameworksBuildPhase section */

/* Begin PBXGroup section */
		36E117332953A2850095514F = {
			isa = PBXGroup;
			children = (
				36E1173E2953A2850095514F /* Music_App_SP */,
				36E1174F2953A2870095514F /* Music_App_SPTests */,
				36E117592953A2870095514F /* Music_App_SPUITests */,
				36E1173D2953A2850095514F /* Products */,
			);
			sourceTree = "<group>";
		};
		36E1173D2953A2850095514F /* Products */ = {
			isa = PBXGroup;
			children = (
				36E1173C2953A2850095514F /* Music_App_SP.app */,
				36E1174C2953A2870095514F /* Music_App_SPTests.xctest */,
				36E117562953A2870095514F /* Music_App_SPUITests.xctest */,
			);
			name = Products;
			sourceTree = "<group>";
		};
		36E1173E2953A2850095514F /* Music_App_SP */ = {
			isa = PBXGroup;
			children = (
				36E1173F2953A2850095514F /* Music_App_SPApp.swift */,
				36E117412953A2850095514F /* ContentView.swift */,
				36E117432953A2860095514F /* Assets.xcassets */,
				36E117452953A2860095514F /* Preview Content */,
			);
			path = Music_App_SP;
			sourceTree = "<group>";
		};
		36E117452953A2860095514F /* Preview Content */ = {
			isa = PBXGroup;
			children = (
				36E117462953A2860095514F /* Preview Assets.xcassets */,
			);
			path = "Preview Content";
			sourceTree = "<group>";
		};
		36E1174F2953A2870095514F /* Music_App_SPTests */ = {
			isa = PBXGroup;
			children = (
				36E117502953A2870095514F /* Music_App_SPTests.swift */,
			);
			path = Music_App_SPTests;
			sourceTree = "<group>";
		};
		36E117592953A2870095514F /* Music_App_SPUITests */ = {
			isa = PBXGroup;
			children = (
				36E1175A2953A2870095514F /* Music_App_SPUITests.swift */,
				36E1175C2953A2870095514F /* Music_App_SPUITestsLaunchTests.swift */,
			);
			path = Music_App_SPUITests;
			sourceTree = "<group>";
		};
/* End PBXGroup section */

/* Begin PBXNativeTarget section */
		36E1173B2953A2850095514F /* Music_App_SP */ = {
			isa = PBXNativeTarget;
			buildConfigurationList = 36E117602953A2870095514F /* Build configuration list for PBXNativeTarget "Music_App_SP" */;
			buildPhases = (
				36E117382953A2850095514F /* Sources */,
				36E117392953A2850095514F /* Frameworks */,
				36E1173A2953A2850095514F /* Resources */,
			);
			buildRules = (
			);
			dependencies = (
			);
			name = Music_App_SP;
			productName = Music_App_SP;
			productReference = 36E1173C2953A2850095514F /* Music_App_SP.app */;
			productType = "com.apple.product-type.application";
		};
		36E1174B2953A2870095514F /* Music_App_SPTests */ = {
			isa = PBXNativeTarget;
			buildConfigurationList = 36E117632953A2870095514F /* Build configuration list for PBXNativeTarget "Music_App_SPTests" */;
			buildPhases = (
				36E117482953A2870095514F /* Sources */,
				36E117492953A2870095514F /* Frameworks */,
				36E1174A2953A2870095514F /* Resources */,
			);
			buildRules = (
			);
			dependencies = (
				36E1174E2953A2870095514F /* PBXTargetDependency */,
			);
			name = Music_App_SPTests;
			productName = Music_App_SPTests;
			productReference = 36E1174C2953A2870095514F /* Music_App_SPTests.xctest */;
			productType = "com.apple.product-type.bundle.unit-test";
		};
		36E117552953A2870095514F /* Music_App_SPUITests */ = {
			isa = PBXNativeTarget;
			buildConfigurationList = 36E117662953A2870095514F /* Build configuration list for PBXNativeTarget "Music_App_SPUITests" */;
			buildPhases = (
				36E117522953A2870095514F /* Sources */,
				36E117532953A2870095514F /* Frameworks */,
				36E117542953A2870095514F /* Resources */,
			);
			buildRules = (
			);
			dependencies = (
				36E117582953A2870095514F /* PBXTargetDependency */,
			);
			name = Music_App_SPUITests;
			productName = Music_App_SPUITests;
			productReference = 36E117562953A2870095514F /* Music_App_SPUITests.xctest */;
			productType = "com.apple.product-type.bundle.ui-testing";
		};
/* End PBXNativeTarget section */

/* Begin PBXProject section */
		36E117342953A2850095514F /* Project object */ = {
			isa = PBXProject;
			attributes = {
				BuildIndependentTargetsInParallel = 1;
				LastSwiftUpdateCheck = 1420;
				LastUpgradeCheck = 1420;
				TargetAttributes = {
					36E1173B2953A2850095514F = {
						CreatedOnToolsVersion = 14.2;
					};
					36E1174B2953A2870095514F = {
						CreatedOnToolsVersion = 14.2;
						TestTargetID = 36E1173B2953A2850095514F;
					};
					36E117552953A2870095514F = {
						CreatedOnToolsVersion = 14.2;
						TestTargetID = 36E1173B2953A2850095514F;
					};
				};
			};
			buildConfigurationList = 36E117372953A2850095514F /* Build configuration list for PBXProject "Music_App_SP" */;
			compatibilityVersion = "Xcode 14.0";
			developmentRegion = en;
			hasScannedForEncodings = 0;
			knownRegions = (
				en,
				Base,
			);
			mainGroup = 36E117332953A2850095514F;
			productRefGroup = 36E1173D2953A2850095514F /* Products */;
			projectDirPath = "";
			projectRoot = "";
			targets = (
				36E1173B2953A2850095514F /* Music_App_SP */,
				36E1174B2953A2870095514F /* Music_App_SPTests */,
				36E117552953A2870095514F /* Music_App_SPUITests */,
			);
		};
/* End PBXProject section */

/* Begin PBXResourcesBuildPhase section */
		36E1173A2953A2850095514F /* Resources */ = {
			isa = PBXResourcesBuildPhase;
			buildActionMask = 2147483647;
			files = (
				36E117472953A2860095514F /* Preview Assets.xcassets in Resources */,
				36E117442953A2860095514F /* Assets.xcassets in Resources */,
			);
			runOnlyForDeploymentPostprocessing = 0;
		};
		36E1174A2953A2870095514F /* Resources */ = {
			isa = PBXResourcesBuildPhase;
			buildActionMask = 2147483647;
			files = (
			);
			runOnlyForDeploymentPostprocessing = 0;
		};
		36E117542953A2870095514F /* Resources */ = {
			isa = PBXResourcesBuildPhase;
			buildActionMask = 2147483647;
			files = (
			);
			runOnlyForDeploymentPostprocessing = 0;
		};
/* End PBXResourcesBuildPhase section */

/* Begin PBXSourcesBuildPhase section */
		36E117382953A2850095514F /* Sources */ = {
			isa = PBXSourcesBuildPhase;
			buildActionMask = 2147483647;
			files = (
				36E117422953A2850095514F /* ContentView.swift in Sources */,
				36E117402953A2850095514F /* Music_App_SPApp.swift in Sources */,
			);
			runOnlyForDeploymentPostprocessing = 0;
		};
		36E117482953A2870095514F /* Sources */ = {
			isa = PBXSourcesBuildPhase;
			buildActionMask = 2147483647;
			files = (
				36E117512953A2870095514F /* Music_App_SPTests.swift in Sources */,
			);
			runOnlyForDeploymentPostprocessing = 0;
		};
		36E117522953A2870095514F /* Sources */ = {
			isa = PBXSourcesBuildPhase;
			buildActionMask = 2147483647;
			files = (
				36E1175B2953A2870095514F /* Music_App_SPUITests.swift in Sources */,
				36E1175D2953A2870095514F /* Music_App_SPUITestsLaunchTests.swift in Sources */,
			);
			runOnlyForDeploymentPostprocessing = 0;
		};
/* End PBXSourcesBuildPhase section */

/* Begin PBXTargetDependency section */
		36E1174E2953A2870095514F /* PBXTargetDependency */ = {
			isa = PBXTargetDependency;
			target = 36E1173B2953A2850095514F /* Music_App_SP */;
			targetProxy = 36E1174D2953A2870095514F /* PBXContainerItemProxy */;
		};
		36E117582953A2870095514F /* PBXTargetDependency */ = {
			isa = PBXTargetDependency;
			target = 36E1173B2953A2850095514F /* Music_App_SP */;
			targetProxy = 36E117572953A2870095514F /* PBXContainerItemProxy */;
		};
/* End PBXTargetDependency section */

/* Begin XCBuildConfiguration section */
		36E1175E2953A2870095514F /* Debug */ = {
			isa = XCBuildConfiguration;
			buildSettings = {
				ALWAYS_SEARCH_USER_PATHS = NO;
				CLANG_ANALYZER_NONNULL = YES;
				CLANG_ANALYZER_NUMBER_OBJECT_CONVERSION = YES_AGGRESSIVE;
				CLANG_CXX_LANGUAGE_STANDARD = "gnu++20";
				CLANG_ENABLE_MODULES = YES;
				CLANG_ENABLE_OBJC_ARC = YES;
				CLANG_ENABLE_OBJC_WEAK = YES;
				CLANG_WARN_BLOCK_CAPTURE_AUTORELEASING = YES;
				CLANG_WARN_BOOL_CONVERSION = YES;
				CLANG_WARN_COMMA = YES;
				CLANG_WARN_CONSTANT_CONVERSION = YES;
				CLANG_WARN_DEPRECATED_OBJC_IMPLEMENTATIONS = YES;
				CLANG_WARN_DIRECT_OBJC_ISA_USAGE = YES_ERROR;
				CLANG_WARN_DOCUMENTATION_COMMENTS = YES;
				CLANG_WARN_EMPTY_BODY = YES;
				CLANG_WARN_ENUM_CONVERSION = YES;
				CLANG_WARN_INFINITE_RECURSION = YES;
				CLANG_WARN_INT_CONVERSION = YES;
				CLANG_WARN_NON_LITERAL_NULL_CONVERSION = YES;
				CLANG_WARN_OBJC_IMPLICIT_RETAIN_SELF = YES;
				CLANG_WARN_OBJC_LITERAL_CONVERSION = YES;
				CLANG_WARN_OBJC_ROOT_CLASS = YES_ERROR;
				CLANG_WARN_QUOTED_INCLUDE_IN_FRAMEWORK_HEADER = YES;
				CLANG_WARN_RANGE_LOOP_ANALYSIS = YES;
				CLANG_WARN_STRICT_PROTOTYPES = YES;
				CLANG_WARN_SUSPICIOUS_MOVE = YES;
				CLANG_WARN_UNGUARDED_AVAILABILITY = YES_AGGRESSIVE;
				CLANG_WARN_UNREACHABLE_CODE = YES;
				CLANG_WARN__DUPLICATE_METHOD_MATCH = YES;
				COPY_PHASE_STRIP = NO;
				DEBUG_INFORMATION_FORMAT = dwarf;
				ENABLE_STRICT_OBJC_MSGSEND = YES;
				ENABLE_TESTABILITY = YES;
				GCC_C_LANGUAGE_STANDARD = gnu11;
				GCC_DYNAMIC_NO_PIC = NO;
				GCC_NO_COMMON_BLOCKS = YES;
				GCC_OPTIMIZATION_LEVEL = 0;
				GCC_PREPROCESSOR_DEFINITIONS = (
					"DEBUG=1",
					"$(inherited)",
				);
				GCC_WARN_64_TO_32_BIT_CONVERSION = YES;
				GCC_WARN_ABOUT_RETURN_TYPE = YES_ERROR;
				GCC_WARN_UNDECLARED_SELECTOR = YES;
				GCC_WARN_UNINITIALIZED_AUTOS = YES_AGGRESSIVE;
				GCC_WARN_UNUSED_FUNCTION = YES;
				GCC_WARN_UNUSED_VARIABLE = YES;
				IPHONEOS_DEPLOYMENT_TARGET = 16.2;
				MTL_ENABLE_DEBUG_INFO = INCLUDE_SOURCE;
				MTL_FAST_MATH = YES;
				ONLY_ACTIVE_ARCH = YES;
				SDKROOT = iphoneos;
				SWIFT_ACTIVE_COMPILATION_CONDITIONS = DEBUG;
				SWIFT_OPTIMIZATION_LEVEL = "-Onone";
			};
			name = Debug;
		};
		36E1175F2953A2870095514F /* Release */ = {
			isa = XCBuildConfiguration;
			buildSettings = {
				ALWAYS_SEARCH_USER_PATHS = NO;
				CLANG_ANALYZER_NONNULL = YES;
				CLANG_ANALYZER_NUMBER_OBJECT_CONVERSION = YES_AGGRESSIVE;
				CLANG_CXX_LANGUAGE_STANDARD = "gnu++20";
				CLANG_ENABLE_MODULES = YES;
				CLANG_ENABLE_OBJC_ARC = YES;
				CLANG_ENABLE_OBJC_WEAK = YES;
				CLANG_WARN_BLOCK_CAPTURE_AUTORELEASING = YES;
				CLANG_WARN_BOOL_CONVERSION = YES;
				CLANG_WARN_COMMA = YES;
				CLANG_WARN_CONSTANT_CONVERSION = YES;
				CLANG_WARN_DEPRECATED_OBJC_IMPLEMENTATIONS = YES;
				CLANG_WARN_DIRECT_OBJC_ISA_USAGE = YES_ERROR;
				CLANG_WARN_DOCUMENTATION_COMMENTS = YES;
				CLANG_WARN_EMPTY_BODY = YES;
				CLANG_WARN_ENUM_CONVERSION = YES;
				CLANG_WARN_INFINITE_RECURSION = YES;
				CLANG_WARN_INT_CONVERSION = YES;
				CLANG_WARN_NON_LITERAL_NULL_CONVERSION = YES;
				CLANG_WARN_OBJC_IMPLICIT_RETAIN_SELF = YES;
				CLANG_WARN_OBJC_LITERAL_CONVERSION = YES;
				CLANG_WARN_OBJC_ROOT_CLASS = YES_ERROR;
				CLANG_WARN_QUOTED_INCLUDE_IN_FRAMEWORK_HEADER = YES;
				CLANG_WARN_RANGE_LOOP_ANALYSIS = YES;
				CLANG_WARN_STRICT_PROTOTYPES = YES;
				CLANG_WARN_SUSPICIOUS_MOVE = YES;
				CLANG_WARN_UNGUARDED_AVAILABILITY = YES_AGGRESSIVE;
				CLANG_WARN_UNREACHABLE_CODE = YES;
				CLANG_WARN__DUPLICATE_METHOD_MATCH = YES;
				COPY_PHASE_STRIP = NO;
				DEBUG_INFORMATION_FORMAT = "dwarf-with-dsym";
				ENABLE_NS_ASSERTIONS = NO;
				ENABLE_STRICT_OBJC_MSGSEND = YES;
				GCC_C_LANGUAGE_STANDARD = gnu11;
				GCC_NO_COMMON_BLOCKS = YES;
				GCC_WARN_64_TO_32_BIT_CONVERSION = YES;
				GCC_WARN_ABOUT_RETURN_TYPE = YES_ERROR;
				GCC_WARN_UNDECLARED_SELECTOR = YES;
				GCC_WARN_UNINITIALIZED_AUTOS = YES_AGGRESSIVE;
				GCC_WARN_UNUSED_FUNCTION = YES;
				GCC_WARN_UNUSED_VARIABLE = YES;
				IPHONEOS_DEPLOYMENT_TARGET = 16.2;
				MTL_ENABLE_DEBUG_INFO = NO;
				MTL_FAST_MATH = YES;
				SDKROOT = iphoneos;
				SWIFT_COMPILATION_MODE = wholemodule;
				SWIFT_OPTIMIZATION_LEVEL = "-O";
				VALIDATE_PRODUCT = YES;
			};
			name = Release;
		};
		36E117612953A2870095514F /* Debug */ = {
			isa = XCBuildConfiguration;
			buildSettings = {
				ASSETCATALOG_COMPILER_APPICON_NAME = AppIcon;
				ASSETCATALOG_COMPILER_GLOBAL_ACCENT_COLOR_NAME = AccentColor;
				CODE_SIGN_STYLE = Automatic;
				CURRENT_PROJECT_VERSION = 1;
				DEVELOPMENT_ASSET_PATHS = "\"Music_App_SP/Preview Content\"";
				ENABLE_PREVIEWS = YES;
				GENERATE_INFOPLIST_FILE = YES;
				INFOPLIST_KEY_UIApplicationSceneManifest_Generation = YES;
				INFOPLIST_KEY_UIApplicationSupportsIndirectInputEvents = YES;
				INFOPLIST_KEY_UILaunchScreen_Generation = YES;
				INFOPLIST_KEY_UISupportedInterfaceOrientations_iPad = "UIInterfaceOrientationPortrait UIInterfaceOrientationPortraitUpsideDown UIInterfaceOrientationLandscapeLeft UIInterfaceOrientationLandscapeRight";
				INFOPLIST_KEY_UISupportedInterfaceOrientations_iPhone = "UIInterfaceOrientationPortrait UIInterfaceOrientationLandscapeLeft UIInterfaceOrientationLandscapeRight";
				LD_RUNPATH_SEARCH_PATHS = (
					"$(inherited)",
					"@executable_path/Frameworks",
				);
				MARKETING_VERSION = 1.0;
				PRODUCT_BUNDLE_IDENTIFIER = "SeniorProject.Music-App-SP";
				PRODUCT_NAME = "$(TARGET_NAME)";
				SWIFT_EMIT_LOC_STRINGS = YES;
				SWIFT_VERSION = 5.0;
				TARGETED_DEVICE_FAMILY = "1,2";
			};
			name = Debug;
		};
		36E117622953A2870095514F /* Release */ = {
			isa = XCBuildConfiguration;
			buildSettings = {
				ASSETCATALOG_COMPILER_APPICON_NAME = AppIcon;
				ASSETCATALOG_COMPILER_GLOBAL_ACCENT_COLOR_NAME = AccentColor;
				CODE_SIGN_STYLE = Automatic;
				CURRENT_PROJECT_VERSION = 1;
				DEVELOPMENT_ASSET_PATHS = "\"Music_App_SP/Preview Content\"";
				ENABLE_PREVIEWS = YES;
				GENERATE_INFOPLIST_FILE = YES;
				INFOPLIST_KEY_UIApplicationSceneManifest_Generation = YES;
				INFOPLIST_KEY_UIApplicationSupportsIndirectInputEvents = YES;
				INFOPLIST_KEY_UILaunchScreen_Generation = YES;
				INFOPLIST_KEY_UISupportedInterfaceOrientations_iPad = "UIInterfaceOrientationPortrait UIInterfaceOrientationPortraitUpsideDown UIInterfaceOrientationLandscapeLeft UIInterfaceOrientationLandscapeRight";
				INFOPLIST_KEY_UISupportedInterfaceOrientations_iPhone = "UIInterfaceOrientationPortrait UIInterfaceOrientationLandscapeLeft UIInterfaceOrientationLandscapeRight";
				LD_RUNPATH_SEARCH_PATHS = (
					"$(inherited)",
					"@executable_path/Frameworks",
				);
				MARKETING_VERSION = 1.0;
				PRODUCT_BUNDLE_IDENTIFIER = "SeniorProject.Music-App-SP";
				PRODUCT_NAME = "$(TARGET_NAME)";
				SWIFT_EMIT_LOC_STRINGS = YES;
				SWIFT_VERSION = 5.0;
				TARGETED_DEVICE_FAMILY = "1,2";
			};
			name = Release;
		};
		36E117642953A2870095514F /* Debug */ = {
			isa = XCBuildConfiguration;
			buildSettings = {
				ALWAYS_EMBED_SWIFT_STANDARD_LIBRARIES = YES;
				BUNDLE_LOADER = "$(TEST_HOST)";
				CODE_SIGN_STYLE = Automatic;
				CURRENT_PROJECT_VERSION = 1;
				GENERATE_INFOPLIST_FILE = YES;
				IPHONEOS_DEPLOYMENT_TARGET = 16.2;
				MARKETING_VERSION = 1.0;
				PRODUCT_BUNDLE_IDENTIFIER = "SeniorProject.Music-App-SPTests";
				PRODUCT_NAME = "$(TARGET_NAME)";
				SWIFT_EMIT_LOC_STRINGS = NO;
				SWIFT_VERSION = 5.0;
				TARGETED_DEVICE_FAMILY = "1,2";
				TEST_HOST = "$(BUILT_PRODUCTS_DIR)/Music_App_SP.app/$(BUNDLE_EXECUTABLE_FOLDER_PATH)/Music_App_SP";
			};
			name = Debug;
		};
		36E117652953A2870095514F /* Release */ = {
			isa = XCBuildConfiguration;
			buildSettings = {
				ALWAYS_EMBED_SWIFT_STANDARD_LIBRARIES = YES;
				BUNDLE_LOADER = "$(TEST_HOST)";
				CODE_SIGN_STYLE = Automatic;
				CURRENT_PROJECT_VERSION = 1;
				GENERATE_INFOPLIST_FILE = YES;
				IPHONEOS_DEPLOYMENT_TARGET = 16.2;
				MARKETING_VERSION = 1.0;
				PRODUCT_BUNDLE_IDENTIFIER = "SeniorProject.Music-App-SPTests";
				PRODUCT_NAME = "$(TARGET_NAME)";
				SWIFT_EMIT_LOC_STRINGS = NO;
				SWIFT_VERSION = 5.0;
				TARGETED_DEVICE_FAMILY = "1,2";
				TEST_HOST = "$(BUILT_PRODUCTS_DIR)/Music_App_SP.app/$(BUNDLE_EXECUTABLE_FOLDER_PATH)/Music_App_SP";
			};
			name = Release;
		};
		36E117672953A2870095514F /* Debug */ = {
			isa = XCBuildConfiguration;
			buildSettings = {
				ALWAYS_EMBED_SWIFT_STANDARD_LIBRARIES = YES;
				CODE_SIGN_STYLE = Automatic;
				CURRENT_PROJECT_VERSION = 1;
				GENERATE_INFOPLIST_FILE = YES;
				MARKETING_VERSION = 1.0;
				PRODUCT_BUNDLE_IDENTIFIER = "SeniorProject.Music-App-SPUITests";
				PRODUCT_NAME = "$(TARGET_NAME)";
				SWIFT_EMIT_LOC_STRINGS = NO;
				SWIFT_VERSION = 5.0;
				TARGETED_DEVICE_FAMILY = "1,2";
				TEST_TARGET_NAME = Music_App_SP;
			};
			name = Debug;
		};
		36E117682953A2870095514F /* Release */ = {
			isa = XCBuildConfiguration;
			buildSettings = {
				ALWAYS_EMBED_SWIFT_STANDARD_LIBRARIES = YES;
				CODE_SIGN_STYLE = Automatic;
				CURRENT_PROJECT_VERSION = 1;
				GENERATE_INFOPLIST_FILE = YES;
				MARKETING_VERSION = 1.0;
				PRODUCT_BUNDLE_IDENTIFIER = "SeniorProject.Music-App-SPUITests";
				PRODUCT_NAME = "$(TARGET_NAME)";
				SWIFT_EMIT_LOC_STRINGS = NO;
				SWIFT_VERSION = 5.0;
				TARGETED_DEVICE_FAMILY = "1,2";
				TEST_TARGET_NAME = Music_App_SP;
			};
			name = Release;
		};
/* End XCBuildConfiguration section */

/* Begin XCConfigurationList section */
		36E117372953A2850095514F /* Build configuration list for PBXProject "Music_App_SP" */ = {
			isa = XCConfigurationList;
			buildConfigurations = (
				36E1175E2953A2870095514F /* Debug */,
				36E1175F2953A2870095514F /* Release */,
			);
			defaultConfigurationIsVisible = 0;
			defaultConfigurationName = Release;
		};
		36E117602953A2870095514F /* Build configuration list for PBXNativeTarget "Music_App_SP" */ = {
			isa = XCConfigurationList;
			buildConfigurations = (
				36E117612953A2870095514F /* Debug */,
				36E117622953A2870095514F /* Release */,
			);
			defaultConfigurationIsVisible = 0;
			defaultConfigurationName = Release;
		};
		36E117632953A2870095514F /* Build configuration list for PBXNativeTarget "Music_App_SPTests" */ = {
			isa = XCConfigurationList;
			buildConfigurations = (
				36E117642953A2870095514F /* Debug */,
				36E117652953A2870095514F /* Release */,
			);
			defaultConfigurationIsVisible = 0;
			defaultConfigurationName = Release;
		};
		36E117662953A2870095514F /* Build configuration list for PBXNativeTarget "Music_App_SPUITests" */ = {
			isa = XCConfigurationList;
			buildConfigurations = (
				36E117672953A2870095514F /* Debug */,
				36E117682953A2870095514F /* Release */,
			);
			defaultConfigurationIsVisible = 0;
			defaultConfigurationName = Release;
		};
/* End XCConfigurationList section */
	};
	rootObject = 36E117342953A2850095514F /* Project object */;
}
